{
  "name": "agent-glass-confirm-prototype",
  "version": "0.0.1",
  "lockfileVersion": 3,
  "requires": true,
  "packages": {
    "": {
      "name": "agent-glass-confirm-prototype",
      "version": "0.0.1",
      "dependencies": {
        "@base-ui/react": "^1.8.0",
        "@glass-sdk/liquid-glass": "~0.0.1",
        "react": "^19.2.0",
        "react-dom": "^19.2.0"
      },
      "devDependencies": {
        "playwright": "1.58.2",
        "vite": "^7.1.9"
      }
    },
    "node_modules/@babel/runtime": {
      "version": "7.29.10",
      "license": "MIT",
      "engines": {
        "node": ">=6.9.0"
      }
    },
    "node_modules/@base-ui/react": {
      "version": "1.8.0",
      "license": "MIT",
      "dependencies": {
        "@babel/runtime": "^7.29.7",
        "@base-ui/utils": "0.4.0",
        "@floating-ui/react-dom": "^2.1.9",
        "@floating-ui/utils": "^0.2.12",
        "use-sync-external-store": "^1.6.0"
      },
      "engines": {
        "node": ">=14.0.0"
      },
      "funding": {
        "type": "opencollective",
        "url": "https://opencollective.com/mui-org"
      },
      "peerDependencies": {
        "@date-fns/tz": "^1.2.0",
        "@types/react": "^17 || ^18 || ^19",
        "date-fns": "^4.0.0",
        "react": "^17 || ^18 || ^19",
        "react-dom": "^17 || ^18 || ^19"
      },
      "peerDependenciesMeta": {
        "@date-fns/tz": {
          "optional": true
        },
        "@types/react": {
          "optional": true
        },
        "date-fns": {
          "optional": true
        }
      }
    },
    "node_modules/@base-ui/utils": {
      "version": "0.4.0",
      "license": "MIT",
      "dependencies": {
        "@babel/runtime": "^7.29.7",
        "@floating-ui/utils": "^0.2.12",
        "reselect": "^5.2.0",
        "use-sync-external-store": "^1.6.0"
      },
      "peerDependencies": {
        "@types/react": "^17 || ^18 || ^19",
        "react": "^17 || ^18 || ^19",
        "react-dom": "^17 || ^18 || ^19"
      },
      "peerDependenciesMeta": {
        "@types/react": {
          "optional": true
        }
      }
    },
    "node_modules/@esbuild/darwin-arm64": {
      "version": "0.28.2",
      "cpu": [
        "arm64"
      ],
      "dev": true,
      "license": "MIT",
      "optional": true,
      "os": [
        "darwin"
      ],
      "engines": {
        "node": ">=18"
      }
    },
    "node_modules/@esbuild/linux-ppc64": {
      "version": "0.28.2",
      "resolved": "https://registry.npmjs.org/@esbuild/linux-ppc64/-/linux-ppc64-0.28.2.tgz",
      "integrity": "sha512-CAXl+Dtd9UUuJd8pKKdwh6MLm3MUMiqMPmhZ3tTSXPqfyQ3vDl6R5hZdZ/kYojK4ofXtdfSv1tFq8XzWx3heNQ==",
      "cpu": [
        "ppc64"
      ],
      "dev": true,
      "license": "MIT",
      "optional": true,
      "os": [
        "linux"
      ],
      "engines": {
        "node": ">=18"
      }
    },
    "node_modules/@floating-ui/core": {
      "version": "1.8.0",
      "license": "MIT",
      "dependencies": {
        "@floating-ui/utils": "^0.2.12"
      }
    },
    "node_modules/@floating-ui/dom": {
      "version": "1.8.0",
      "license": "MIT",
      "dependencies": {
        "@floating-ui/core": "^1.8.0",
        "@floating-ui/utils": "^0.2.12"
      }
    },
    "node_modules/@floating-ui/react-dom": {
      "version": "2.1.9",
      "license": "MIT",
      "dependencies": {
        "@floating-ui/dom": "^1.8.0"
      },
      "peerDependencies": {
        "react": ">=16.8.0",
        "react-dom": ">=16.8.0"
      }
    },
    "node_modules/@floating-ui/utils": {
      "version": "0.2.12",
      "license": "MIT"
    },
    "node_modules/@glass-sdk/liquid-glass": {
      "version": "0.0.1",
      "resolved": "https://registry.npmjs.org/@glass-sdk/liquid-glass/-/liquid-glass-0.0.1.tgz",
      "integrity": "sha512-W1mb866h4BQX2QxgTiWDNOHtKlTVbwH0JIormffT8qQtH9adi1vvV6ddxILiLnyTAiBOerk8a2ER5RlJN8Fo7Q==",
      "license": "MIT",
      "dependencies": {
        "@base-ui/react": "^1.8.0",
        "@lisse/core": "^0.7.2",
        "vgpu": "^0.5.0"
      },
      "peerDependencies": {
        "react": ">=19.0.0",
        "react-dom": ">=19.0.0"
      }
    },
    "node_modules/@lisse/core": {
      "version": "0.7.2",
      "license": "MIT",
      "engines": {
        "node": ">=18"
      }
    },
    "node_modules/@modelcontextprotocol/core": {
      "version": "2.0.0",
      "license": "MIT",
      "dependencies": {
        "zod": "^4.2.0"
      },
      "engines": {
        "node": ">=20"
      }
    },
    "node_modules/@modelcontextprotocol/server": {
      "version": "2.0.0",
      "license": "MIT",
      "dependencies": {
        "@modelcontextprotocol/core": "2.0.0",
        "zod": "^4.2.0"
      },
      "engines": {
        "node": ">=20"
      }
    },
    "node_modules/@rollup/rollup-darwin-arm64": {
      "version": "4.64.2",
      "cpu": [
        "arm64"
      ],
      "dev": true,
      "license": "MIT",
      "optional": true,
      "os": [
        "darwin"
      ]
    },
    "node_modules/@types/estree": {
      "version": "1.0.9",
      "dev": true,
      "license": "MIT"
    },
    "node_modules/@vgpu/adapter-mock": {
      "version": "0.5.0",
      "license": "MIT",
      "dependencies": {
        "@vgpu/core": "0.5.0"
      }
    },
    "node_modules/@vgpu/adapter-node": {
      "version": "0.5.0",
      "hasInstallScript": true,
      "license": "MIT",
      "dependencies": {
        "@vgpu/core": "0.5.0",
        "webgpu": "0.4.0"
      }
    },
    "node_modules/@vgpu/core": {
      "version": "0.5.0",
      "license": "MIT",
      "dependencies": {
        "@vgpu/wgsl": "0.5.0"
      }
    },
    "node_modules/@vgpu/core/node_modules/@vgpu/wgsl": {
      "version": "0.5.0",
      "resolved": "https://registry.npmmirror.com/@vgpu/wgsl/-/wgsl-0.5.0.tgz",
      "integrity": "sha512-PDlDJem7J28C9bk+vPy2kYZEoW8+nYIx2oN4nu7/WF2V7ETx32BtmWcawwMbhiu/CVsobFafML0h0eqLRBNa3Q==",
      "license": "MIT",
      "dependencies": {
        "@vgpu/wgsl-std": "0.5.0"
      },
      "peerDependencies": {
        "@vgpu/adapter-node": ">=0.1.6 <1.0.0 || ^0.5.0-rc.0"
      },
      "peerDependenciesMeta": {
        "@vgpu/adapter-node": {
          "optional": true
        }
      }
    },
    "node_modules/@vgpu/core/node_modules/@vgpu/wgsl-std": {
      "version": "0.5.0",
      "resolved": "https://registry.npmmirror.com/@vgpu/wgsl-std/-/wgsl-std-0.5.0.tgz",
      "integrity": "sha512-NjMyJxwy4evFNCSqFQy4EqAbZ7iU+NUyJYyG9tLUhbdDLzBmfZlk1S3PyRZ9olBFFfEiVW2JNVw10maPKLEs1A==",
      "license": "MIT"
    },
    "node_modules/debug": {
      "version": "4.4.3",
      "license": "MIT",
      "dependencies": {
        "ms": "^2.1.3"
      },
      "engines": {
        "node": ">=6.0"
      },
      "peerDependenciesMeta": {
        "supports-color": {
          "optional": true
        }
      }
    },
    "node_modules/esbuild": {
      "version": "0.28.2",
      "dev": true,
      "hasInstallScript": true,
      "license": "MIT",
      "bin": {
        "esbuild": "bin/esbuild"
      },
      "engines": {
        "node": ">=18"
      },
      "optionalDependencies": {
        "@esbuild/aix-ppc64": "0.28.2",
        "@esbuild/android-arm": "0.28.2",
        "@esbuild/android-arm64": "0.28.2",
        "@esbuild/android-x64": "0.28.2",
        "@esbuild/darwin-arm64": "0.28.2",
        "@esbuild/darwin-x64": "0.28.2",
        "@esbuild/freebsd-arm64": "0.28.2",
        "@esbuild/freebsd-x64": "0.28.2",
        "@esbuild/linux-arm": "0.28.2",
        "@esbuild/linux-arm64": "0.28.2",
        "@esbuild/linux-ia32": "0.28.2",
        "@esbuild/linux-loong64": "0.28.2",
        "@esbuild/linux-mips64el": "0.28.2",
        "@esbuild/linux-ppc64": "0.28.2",
        "@esbuild/linux-riscv64": "0.28.2",
        "@esbuild/linux-s390x": "0.28.2",
        "@esbuild/linux-x64": "0.28.2",
        "@esbuild/netbsd-arm64": "0.28.2",
        "@esbuild/netbsd-x64": "0.28.2",
        "@esbuild/openbsd-arm64": "0.28.2",
        "@esbuild/openbsd-x64": "0.28.2",
        "@esbuild/openharmony-arm64": "0.28.2",
        "@esbuild/sunos-x64": "0.28.2",
        "@esbuild/win32-arm64": "0.28.2",
        "@esbuild/win32-ia32": "0.28.2",
        "@esbuild/win32-x64": "0.28.2"
      }
    },
    "node_modules/esbuild/node_modules/@esbuild/aix-ppc64": {
      "version": "0.28.2",
      "resolved": "https://registry.npmjs.org/@esbuild/aix-ppc64/-/aix-ppc64-0.28.2.tgz",
      "integrity": "sha512-XExcO+dvLKvVtNTibSTBej1NCAbaGhWn9Ww1ZPx80qsahhPFe/8jgWP0IchNe0F3HwkU7n8ejhH8bjonqht8mQ==",
      "cpu": [
        "ppc64"
      ],
      "dev": true,
      "license": "MIT",
      "optional": true,
      "os": [
        "aix"
      ],
      "engines": {
        "node": ">=18"
      }
    },
    "node_modules/esbuild/node_modules/@esbuild/android-arm": {
      "version": "0.28.2",
      "resolved": "https://registry.npmjs.org/@esbuild/android-arm/-/android-arm-0.28.2.tgz",
      "integrity": "sha512-kXXoiPVVGQcnIYGOeaovwOURpniDBpSq4A03qkQ+BMQqtGG6HYap3xne9C1O1yo4TR3qxlCX5IqqmX6fFo2Lqg==",
      "cpu": [
        "arm"
      ],
      "dev": true,
      "license": "MIT",
      "optional": true,
      "os": [
        "android"
      ],
      "engines": {
        "node": ">=18"
      }
    },
    "node_modules/esbuild/node_modules/@esbuild/android-arm64": {
      "version": "0.28.2",
      "resolved": "https://registry.npmjs.org/@esbuild/android-arm64/-/android-arm64-0.28.2.tgz",
      "integrity": "sha512-5YfKeeI8qWfBZIX+u2xZC3Zlb3Os/gLS2sbEKM+I4ZOcsWmHS2WLysCcQZDAFRslDUU5Oiq44gf6PYN1vGwG5A==",
      "cpu": [
        "arm64"
      ],
      "dev": true,
      "license": "MIT",
      "optional": true,
      "os": [
        "android"
      ],
      "engines": {
        "node": ">=18"
      }
    },
    "node_modules/esbuild/node_modules/@esbuild/android-x64": {
      "version": "0.28.2",
      "resolved": "https://registry.npmjs.org/@esbuild/android-x64/-/android-x64-0.28.2.tgz",
      "integrity": "sha512-O387ite7SzUyCcy3JQX4P4bLtEA7bLLkx+esve5JHnyYfNTxcVpXZo9jhdB0lTKN44gztELTdU7nS8Nr16Fs1Q==",
      "cpu": [
        "x64"
      ],
      "dev": true,
      "license": "MIT",
      "optional": true,
      "os": [
        "android"
      ],
      "engines": {
        "node": ">=18"
      }
    },
    "node_modules/esbuild/node_modules/@esbuild/darwin-x64": {
      "version": "0.28.2",
      "resolved": "https://registry.npmjs.org/@esbuild/darwin-x64/-/darwin-x64-0.28.2.tgz",
      "integrity": "sha512-uq6suIWYP37qzGddBKPw5QEQPi6HiLGsO7UmkpfyaYNQ3D+rN6w6WfwH+nuqcGXWvawGwxOEroO4YGnFh95azw==",
      "cpu": [
        "x64"
      ],
      "dev": true,
      "license": "MIT",
      "optional": true,
      "os": [
        "darwin"
      ],
      "engines": {
        "node": ">=18"
      }
    },
    "node_modules/esbuild/node_modules/@esbuild/freebsd-arm64": {
      "version": "0.28.2",
      "resolved": "https://registry.npmjs.org/@esbuild/freebsd-arm64/-/freebsd-arm64-0.28.2.tgz",
      "integrity": "sha512-n+I0BTSRIoy+d6RPKnEVwql5UwBJolytvY4mAOIEJorKlqgPII8ix6slVVrfZ5Tnj7glIZvloylbB/EJPMWEXw==",
      "cpu": [
        "arm64"
      ],
      "dev": true,
      "license": "MIT",
      "optional": true,
      "os": [
        "freebsd"
      ],
      "engines": {
        "node": ">=18"
      }
    },
    "node_modules/esbuild/node_modules/@esbuild/freebsd-x64": {
      "version": "0.28.2",
      "resolved": "https://registry.npmjs.org/@esbuild/freebsd-x64/-/freebsd-x64-0.28.2.tgz",
      "integrity": "sha512-78XJTJkvPs0kz2w61301PJjXl4g7q3JqiYMZ/M/yVI73EHBrCRTgkhu9oqG7vPqq+a/yadEW8aD+agKlk5xrmg==",
      "cpu": [
        "x64"
      ],
      "dev": true,
      "license": "MIT",
      "optional": true,
      "os": [
        "freebsd"
      ],
      "engines": {
        "node": ">=18"
      }
    },
    "node_modules/esbuild/node_modules/@esbuild/linux-arm": {
      "version": "0.28.2",
      "resolved": "https://registry.npmjs.org/@esbuild/linux-arm/-/linux-arm-0.28.2.tgz",
      "integrity": "sha512-XlDnu2q5yoqems+xay6wSAcg9DDD7K9RLKZEBOMZm3ckNpJBvOX20tSfby8KfrrhINDyv9V2YVZKY/SpoGJI8w==",
      "cpu": [
        "arm"
      ],
      "dev": true,
      "license": "MIT",
      "optional": true,
      "os": [
        "linux"
      ],
      "engines": {
        "node": ">=18"
      }
    },
    "node_modules/esbuild/node_modules/@esbuild/linux-arm64": {
      "version": "0.28.2",
      "resolved": "https://registry.npmjs.org/@esbuild/linux-arm64/-/linux-arm64-0.28.2.tgz",
      "integrity": "sha512-pW4AC0P3it8c7do9MVM4p51FzHzdM/TZrerurgRcHJ2WTa1VQ1CIq18xncfpBJw4ojkiZZrKW2yIBWBP92j6Ug==",
      "cpu": [
        "arm64"
      ],
      "dev": true,
      "license": "MIT",
      "optional": true,
      "os": [
        "linux"
      ],
      "engines": {
        "node": ">=18"
      }
    },
    "node_modules/esbuild/node_modules/@esbuild/linux-ia32": {
      "version": "0.28.2",
      "resolved": "https://registry.npmjs.org/@esbuild/linux-ia32/-/linux-ia32-0.28.2.tgz",
      "integrity": "sha512-CYbnj78HsIeA+DhgUKgFCfvNsTHFhMMrinUrMZpDXJXKN8T3XViTZ/+wtHeVxEWY8ewSzTFN+nRmSwO2tZaLUQ==",
      "cpu": [
        "ia32"
      ],
      "dev": true,
      "license": "MIT",
      "optional": true,
      "os": [
        "linux"
      ],
      "engines": {
        "node": ">=18"
      }
    },
    "node_modules/esbuild/node_modules/@esbuild/linux-loong64": {
      "version": "0.28.2",
      "resolved": "https://registry.npmjs.org/@esbuild/linux-loong64/-/linux-loong64-0.28.2.tgz",
      "integrity": "sha512-buwkd8nsph4R+ajRvw0qM5Hja/TXQow3ptzWO2EbG/cqcIkHloRrdlBtQlshyYGTNFvfkfJ5tpPLVkY4DtsPfQ==",
      "cpu": [
        "loong64"
      ],
      "dev": true,
      "license": "MIT",
      "optional": true,
      "os": [
        "linux"
      ],
      "engines": {
        "node": ">=18"
      }
    },
    "node_modules/esbuild/node_modules/@esbuild/linux-mips64el": {
      "version": "0.28.2",
      "resolved": "https://registry.npmjs.org/@esbuild/linux-mips64el/-/linux-mips64el-0.28.2.tgz",
      "integrity": "sha512-ZVykbDyk7519VwiNb9Lcj9m8XM6v5V9uKPvrEMkkEedVewf+0itkhahp4HDpgERXhwLRpWFypsGbG/J8s0QjJA==",
      "cpu": [
        "mips64el"
      ],
      "dev": true,
      "license": "MIT",
      "optional": true,
      "os": [
        "linux"
      ],
      "engines": {
        "node": ">=18"
      }
    },
    "node_modules/esbuild/node_modules/@esbuild/linux-riscv64": {
      "version": "0.28.2",
      "resolved": "https://registry.npmjs.org/@esbuild/linux-riscv64/-/linux-riscv64-0.28.2.tgz",
      "integrity": "sha512-GeXCej4IQtU1B+QlDV8W/RRvbzI3O/Stss+/bCXv4lZls5WGRtu2a+3JkA3i4qIUlMXpcHebWpF8AkJhATowuA==",
      "cpu": [
        "riscv64"
      ],
      "dev": true,
      "license": "MIT",
      "optional": true,
      "os": [
        "linux"
      ],
      "engines": {
        "node": ">=18"
      }
    },
    "node_modules/esbuild/node_modules/@esbuild/linux-s390x": {
      "version": "0.28.2",
      "resolved": "https://registry.npmjs.org/@esbuild/linux-s390x/-/linux-s390x-0.28.2.tgz",
      "integrity": "sha512-3H1weTYZPxt/WOhByszQZybS9w5lKzUn1FDMsgEChbHWQwHYQQRfBxgCcZvPhjHfKyJjIievvMmEUawJrdY9Dg==",
      "cpu": [
        "s390x"
      ],
      "dev": true,
      "license": "MIT",
      "optional": true,
      "os": [
        "linux"
      ],
      "engines": {
        "node": ">=18"
      }
    },
    "node_modules/esbuild/node_modules/@esbuild/linux-x64": {
      "version": "0.28.2",
      "resolved": "https://registry.npmjs.org/@esbuild/linux-x64/-/linux-x64-0.28.2.tgz",
      "integrity": "sha512-4xTZr1FUmSoQW4XIWmit3tzQrUTZM+N3P0XV8xROKYF50XfI7xeO90+1bZvNwxIufQ9hDQVRJH5YhgPVF8A/HQ==",
      "cpu": [
        "x64"
      ],
      "dev": true,
      "license": "MIT",
      "optional": true,
      "os": [
        "linux"
      ],
      "engines": {
        "node": ">=18"
      }
    },
    "node_modules/esbuild/node_modules/@esbuild/netbsd-arm64": {
      "version": "0.28.2",
      "resolved": "https://registry.npmjs.org/@esbuild/netbsd-arm64/-/netbsd-arm64-0.28.2.tgz",
      "integrity": "sha512-sSATRjPeDBg3pdgHoQfoYBob11Kk1FGa9lui5RIHZCoCkJa9QKlvl3/vKz2usCmYYjs7ymJR/2Nnsqe+Hjt5nw==",
      "cpu": [
        "arm64"
      ],
      "dev": true,
      "license": "MIT",
      "optional": true,
      "os": [
        "netbsd"
      ],
      "engines": {
        "node": ">=18"
      }
    },
    "node_modules/esbuild/node_modules/@esbuild/netbsd-x64": {
      "version": "0.28.2",
      "resolved": "https://registry.npmjs.org/@esbuild/netbsd-x64/-/netbsd-x64-0.28.2.tgz",
      "integrity": "sha512-lqnzCV+mM0gIADaKihiCg6ifgfU2L3h5E33rNQBN1Y4MaVGnzryzmvvf7UHxprpQdE8hpqLolJ9Rl+SkIRDpyw==",
      "cpu": [
        "x64"
      ],
      "dev": true,
      "license": "MIT",
      "optional": true,
      "os": [
        "netbsd"
      ],
      "engines": {
        "node": ">=18"
      }
    },
    "node_modules/esbuild/node_modules/@esbuild/openbsd-arm64": {
      "version": "0.28.2",
      "resolved": "https://registry.npmjs.org/@esbuild/openbsd-arm64/-/openbsd-arm64-0.28.2.tgz",
      "integrity": "sha512-AL2qJILH7lNjrDmCQDvdxMfAUIv8KMNZOvrwAQ8i8//ntL9FflhOyMJ8OZSMBb8/AWXe3/5v5S20y3zCoZWKoQ==",
      "cpu": [
        "arm64"
      ],
      "dev": true,
      "license": "MIT",
      "optional": true,
      "os": [
        "openbsd"
      ],
      "engines": {
        "node": ">=18"
      }
    },
    "node_modules/esbuild/node_modules/@esbuild/openbsd-x64": {
      "version": "0.28.2",
      "resolved": "https://registry.npmjs.org/@esbuild/openbsd-x64/-/openbsd-x64-0.28.2.tgz",
      "integrity": "sha512-QtiuPytchRyC4rwUKhexJdQKvDuZ6hWloi3igqPQNUJCS1/v9EiO3UTOXR6A3FoMo4fnAKbWJdqaIwhOzh8qEw==",
      "cpu": [
        "x64"
      ],
      "dev": true,
      "license": "MIT",
      "optional": true,
      "os": [
        "openbsd"
      ],
      "engines": {
        "node": ">=18"
      }
    },
    "node_modules/esbuild/node_modules/@esbuild/openharmony-arm64": {
      "version": "0.28.2",
      "resolved": "https://registry.npmjs.org/@esbuild/openharmony-arm64/-/openharmony-arm64-0.28.2.tgz",
      "integrity": "sha512-WkhYDmpTjLvGlScA1rwjRUmhl4k8oXR3cIbtqWmELgU/dFeHHlEllxDvdWcNJV9rbzCexB5vz8gtNewWLgCT7Q==",
      "cpu": [
        "arm64"
      ],
      "dev": true,
      "license": "MIT",
      "optional": true,
      "os": [
        "openharmony"
      ],
      "engines": {
        "node": ">=18"
      }
    },
    "node_modules/esbuild/node_modules/@esbuild/sunos-x64": {
      "version": "0.28.2",
      "resolved": "https://registry.npmjs.org/@esbuild/sunos-x64/-/sunos-x64-0.28.2.tgz",
      "integrity": "sha512-GPMSkTOtMnv2U2F8gxe4Io6qmVs+YKyp832Etqqxr0hFngmXQ3rzwytelm3GIn7T4VviRUlf3sOgBOiTdvaf7g==",
      "cpu": [
        "x64"
      ],
      "dev": true,
      "license": "MIT",
      "optional": true,
      "os": [
        "sunos"
      ],
      "engines": {
        "node": ">=18"
      }
    },
    "node_modules/esbuild/node_modules/@esbuild/win32-arm64": {
      "version": "0.28.2",
      "resolved": "https://registry.npmjs.org/@esbuild/win32-arm64/-/win32-arm64-0.28.2.tgz",
      "integrity": "sha512-PIhhEkE9uPBleRBrQEJpUn7MBnibZzbGzYWPmY3x+YoVg/95zbjB4CxPPOQ8l5tYYM4mMaCthF8/1DIfBQQyWQ==",
      "cpu": [
        "arm64"
      ],
      "dev": true,
      "license": "MIT",
      "optional": true,
      "os": [
        "win32"
      ],
      "engines": {
        "node": ">=18"
      }
    },
    "node_modules/esbuild/node_modules/@esbuild/win32-ia32": {
      "version": "0.28.2",
      "resolved": "https://registry.npmjs.org/@esbuild/win32-ia32/-/win32-ia32-0.28.2.tgz",
      "integrity": "sha512-YmJbfTlvU7Sdn9BB+4PRES4oB6pxgS37MAONj+hBr/cpXS1aBPKXxNnDbu+QCWPj0o9dgyxeq79g6c5P8KeuYA==",
      "cpu": [
        "ia32"
      ],
      "dev": true,
      "license": "MIT",
      "optional": true,
      "os": [
        "win32"
      ],
      "engines": {
        "node": ">=18"
      }
    },
    "node_modules/esbuild/node_modules/@esbuild/win32-x64": {
      "version": "0.28.2",
      "resolved": "https://registry.npmjs.org/@esbuild/win32-x64/-/win32-x64-0.28.2.tgz",
      "integrity": "sha512-5ebpxr3nWMzrL/rnUI755Jkuee0bHL/Gq0WTF9lvcpv73wAp5eu8MfBUgWK9bhWvZjj7yX8etf/8tI8Ney695g==",
      "cpu": [
        "x64"
      ],
      "dev": true,
      "license": "MIT",
      "optional": true,
      "os": [
        "win32"
      ],
      "engines": {
        "node": ">=18"
      }
    },
    "node_modules/fdir": {
      "version": "6.5.0",
      "dev": true,
      "license": "MIT",
      "engines": {
        "node": ">=12.0.0"
      },
      "peerDependencies": {
        "picomatch": "^3 || ^4"
      },
      "peerDependenciesMeta": {
        "picomatch": {
          "optional": true
        }
      }
    },
    "node_modules/fsevents": {
      "version": "2.3.2",
      "dev": true,
      "license": "MIT",
      "optional": true,
      "os": [
        "darwin"
      ],
      "engines": {
        "node": "^8.16.0 || ^10.6.0 || >=11.0.0"
      }
    },
    "node_modules/ms": {
      "version": "2.1.3",
      "license": "MIT"
    },
    "node_modules/nanoid": {
      "version": "3.3.20",
      "dev": true,
      "funding": [
        {
          "type": "github",
          "url": "https://github.com/sponsors/ai"
        }
      ],
      "license": "MIT",
      "bin": {
        "nanoid": "bin/nanoid.cjs"
      },
      "engines": {
        "node": "^10 || ^12 || ^13.7 || ^14 || >=15.0.1"
      }
    },
    "node_modules/picocolors": {
      "version": "1.1.1",
      "dev": true,
      "license": "ISC"
    },
    "node_modules/picomatch": {
      "version": "4.0.7",
      "dev": true,
      "license": "MIT",
      "engines": {
        "node": ">=12"
      },
      "funding": {
        "url": "https://github.com/sponsors/jonschlinkert"
      }
    },
    "node_modules/playwright": {
      "version": "1.58.2",
      "dev": true,
      "license": "Apache-2.0",
      "dependencies": {
        "playwright-core": "1.58.2"
      },
      "bin": {
        "playwright": "cli.js"
      },
      "engines": {
        "node": ">=18"
      },
      "optionalDependencies": {
        "fsevents": "2.3.2"
      }
    },
    "node_modules/playwright-core": {
      "version": "1.58.2",
      "dev": true,
      "license": "Apache-2.0",
      "bin": {
        "playwright-core": "cli.js"
      },
      "engines": {
        "node": ">=18"
      }
    },
    "node_modules/postcss": {
      "version": "8.5.29",
      "dev": true,
      "funding": [
        {
          "type": "opencollective",
          "url": "https://opencollective.com/postcss/"
        },
        {
          "type": "tidelift",
          "url": "https://tidelift.com/funding/github/npm/postcss"
        },
        {
          "type": "github",
          "url": "https://github.com/sponsors/ai"
        }
      ],
      "license": "MIT",
      "dependencies": {
        "nanoid": "^3.3.19",
        "picocolors": "^1.1.1",
        "source-map-js": "^1.2.2"
      },
      "engines": {
        "node": "^10 || ^12 || >=14"
      }
    },
    "node_modules/react": {
      "version": "19.3.0",
      "license": "MIT",
      "engines": {
        "node": ">=0.10.0"
      }
    },
    "node_modules/react-dom": {
      "version": "19.3.0",
      "license": "MIT",
      "dependencies": {
        "scheduler": "^0.28.0"
      },
      "peerDependencies": {
        "react": "^19.3.0"
      }
    },
    "node_modules/reselect": {
      "version": "5.3.0",
      "license": "MIT"
    },
    "node_modules/scheduler": {
      "version": "0.28.0",
      "license": "MIT"
    },
    "node_modules/source-map-js": {
      "version": "1.2.2",
      "dev": true,
      "license": "BSD-3-Clause",
      "engines": {
        "node": ">=0.10.0"
      }
    },
    "node_modules/tinyglobby": {
      "version": "0.2.17",
      "dev": true,
      "license": "MIT",
      "dependencies": {
        "fdir": "^6.5.0",
        "picomatch": "^4.0.4"
      },
      "engines": {
        "node": ">=12.0.0"
      },
      "funding": {
        "url": "https://github.com/sponsors/SuperchupuDev"
      }
    },
    "node_modules/use-sync-external-store": {
      "version": "1.7.0",
      "license": "MIT",
      "peerDependencies": {
        "react": "^16.8.0 || ^17.0.0 || ^18.0.0 || ^19.0.0"
      }
    },
    "node_modules/vgpu": {
      "version": "0.5.0",
      "license": "MIT",
      "dependencies": {
        "@modelcontextprotocol/server": "2.0.0",
        "@vgpu/adapter-mock": "0.5.0",
        "@vgpu/adapter-node": "0.5.0",
        "@vgpu/core": "0.5.0",
        "@vgpu/wgsl": "0.5.0",
        "@vgpu/wgsl-std": "0.5.0",
        "@webgpu/types": "^0.1.69",
        "pixelmatch": "^7.2.0",
        "pngjs": "^7.0.0",
        "wgpu-matrix": "^3.4.2",
        "zod": "^4.4.3"
      },
      "bin": {
        "vgpu": "bin/vgpu.js"
      },
      "peerDependencies": {
        "three": ">=0.180.0 <0.200.0"
      },
      "peerDependenciesMeta": {
        "three": {
          "optional": true
        }
      }
    },
    "node_modules/vgpu/node_modules/@vgpu/wgsl": {
      "version": "0.5.0",
      "resolved": "https://registry.npmmirror.com/@vgpu/wgsl/-/wgsl-0.5.0.tgz",
      "integrity": "sha512-PDlDJem7J28C9bk+vPy2kYZEoW8+nYIx2oN4nu7/WF2V7ETx32BtmWcawwMbhiu/CVsobFafML0h0eqLRBNa3Q==",
      "license": "MIT",
      "dependencies": {
        "@vgpu/wgsl-std": "0.5.0"
      },
      "peerDependencies": {
        "@vgpu/adapter-node": ">=0.1.6 <1.0.0 || ^0.5.0-rc.0"
      },
      "peerDependenciesMeta": {
        "@vgpu/adapter-node": {
          "optional": true
        }
      }
    },
    "node_modules/vgpu/node_modules/@vgpu/wgsl-std": {
      "version": "0.5.0",
      "resolved": "https://registry.npmmirror.com/@vgpu/wgsl-std/-/wgsl-std-0.5.0.tgz",
      "integrity": "sha512-NjMyJxwy4evFNCSqFQy4EqAbZ7iU+NUyJYyG9tLUhbdDLzBmfZlk1S3PyRZ9olBFFfEiVW2JNVw10maPKLEs1A==",
      "license": "MIT"
    },
    "node_modules/vgpu/node_modules/@webgpu/types": {
      "version": "0.1.74",
      "resolved": "https://registry.npmmirror.com/@webgpu/types/-/types-0.1.74.tgz",
      "integrity": "sha512-lgiI4hbuLcI9unnm2cL/tvCaQU45dp0xcLWJh5uB/9MBGvIA4F8XIk7nSiBeg+K4xWGYwgZKn80LmERI5CxoTA==",
      "license": "BSD-3-Clause"
    },
    "node_modules/vgpu/node_modules/pixelmatch": {
      "version": "7.2.0",
      "resolved": "https://registry.npmmirror.com/pixelmatch/-/pixelmatch-7.2.0.tgz",
      "integrity": "sha512-xhcb4yHu9sM/G7foGzoLtXYcC0zHEaOXXjRKhGup0fw78Nf2Tkiapv4EQyMzrbcmQPsllAI7DbFY2UT7PlI9Pg==",
      "license": "ISC",
      "dependencies": {
        "pngjs": "^7.0.0"
      },
      "bin": {
        "pixelmatch": "bin/pixelmatch"
      }
    },
    "node_modules/vgpu/node_modules/pngjs": {
      "version": "7.0.0",
      "resolved": "https://registry.npmmirror.com/pngjs/-/pngjs-7.0.0.tgz",
      "integrity": "sha512-LKWqWJRhstyYo9pGvgor/ivk2w94eSjE3RGVuzLGlr3NmD8bf7RcYGze1mNdEHRP6TRP6rMuDHk5t44hnTRyow==",
      "license": "MIT",
      "engines": {
        "node": ">=14.19.0"
      }
    },
    "node_modules/vite": {
      "version": "7.3.7",
      "dev": true,
      "license": "MIT",
      "dependencies": {
        "esbuild": "^0.27.0 || ^0.28.0",
        "fdir": "^6.5.0",
        "picomatch": "^4.0.3",
        "postcss": "^8.5.6",
        "rollup": "^4.43.0",
        "tinyglobby": "^0.2.15"
      },
      "bin": {
        "vite": "bin/vite.js"
      },
      "engines": {
        "node": "^20.19.0 || >=22.12.0"
      },
      "funding": {
        "url": "https://github.com/vitejs/vite?sponsor=1"
      },
      "optionalDependencies": {
        "fsevents": "~2.3.3"
      },
      "peerDependencies": {
        "@types/node": "^20.19.0 || >=22.12.0",
        "jiti": ">=1.21.0",
        "less": "^4.0.0",
        "lightningcss": "^1.21.0",
        "sass": "^1.70.0",
        "sass-embedded": "^1.70.0",
        "stylus": ">=0.54.8",
        "sugarss": "^5.0.0",
        "terser": "^5.16.0",
        "tsx": "^4.8.1",
        "yaml": "^2.4.2"
      },
      "peerDependenciesMeta": {
        "@types/node": {
          "optional": true
        },
        "jiti": {
          "optional": true
        },
        "less": {
          "optional": true
        },
        "lightningcss": {
          "optional": true
        },
        "sass": {
          "optional": true
        },
        "sass-embedded": {
          "optional": true
        },
        "stylus": {
          "optional": true
        },
        "sugarss": {
          "optional": true
        },
        "terser": {
          "optional": true
        },
        "tsx": {
          "optional": true
        },
        "yaml": {
          "optional": true
        }
      }
    },
    "node_modules/vite/node_modules/@napi-rs/lzma-linux-x64-gnu": {
      "version": "1.5.1",
      "resolved": "https://registry.npmjs.org/@napi-rs/lzma-linux-x64-gnu/-/lzma-linux-x64-gnu-1.5.1.tgz",
      "integrity": "sha512-oTXEIha4SsuXdTA4Iyskj0kpdx2yVXdhd75c2v3xGrHFfVMsbhTPZU/nMPL4sWKo4pBHm3aucLaqGlF696dTyQ==",
      "cpu": [
        "x64"
      ],
      "dev": true,
      "license": "MIT",
      "optional": true,
      "os": [
        "linux"
      ],
      "engines": {
        "node": "^22.20 || ^24.12 || >=25"
      }
    },
    "node_modules/vite/node_modules/@rollup/rollup-android-arm-eabi": {
      "version": "4.64.2",
      "resolved": "https://registry.npmjs.org/@rollup/rollup-android-arm-eabi/-/rollup-android-arm-eabi-4.64.2.tgz",
      "integrity": "sha512-gjNDUwMswogkw3fNqV00u54uZlgmInuw5EU/1TeqQ6K0bEagoGvqjPdKzy112lKyhe7PkGudZ/kSQHsc9qroIg==",
      "cpu": [
        "arm"
      ],
      "dev": true,
      "license": "MIT",
      "optional": true,
      "os": [
        "android"
      ]
    },
    "node_modules/vite/node_modules/@rollup/rollup-android-arm64": {
      "version": "4.64.2",
      "resolved": "https://registry.npmjs.org/@rollup/rollup-android-arm64/-/rollup-android-arm64-4.64.2.tgz",
      "integrity": "sha512-YkAW8q7p5SCLSaGWaUkmsRnBEb3MGA1pB5nI/8k0lAK5fZsQKRBqkdR1h4UU9p8u3c7ZGdUF2Zcx7mK+E/pUKg==",
      "cpu": [
        "arm64"
      ],
      "dev": true,
      "license": "MIT",
      "optional": true,
      "os": [
        "android"
      ]
    },
    "node_modules/vite/node_modules/@rollup/rollup-darwin-x64": {
      "version": "4.64.2",
      "resolved": "https://registry.npmjs.org/@rollup/rollup-darwin-x64/-/rollup-darwin-x64-4.64.2.tgz",
      "integrity": "sha512-B0t5CoxgF2KL7R5FHAsyN8yVEQCSIkh4XVs8MCDjuBLNjEa8l3zd5tVKaFMv53LfUtHs9p2rnqeavPTOunV+Ww==",
      "cpu": [
        "x64"
      ],
      "dev": true,
      "license": "MIT",
      "optional": true,
      "os": [
        "darwin"
      ]
    },
    "node_modules/vite/node_modules/@rollup/rollup-freebsd-arm64": {
      "version": "4.64.2",
      "resolved": "https://registry.npmjs.org/@rollup/rollup-freebsd-arm64/-/rollup-freebsd-arm64-4.64.2.tgz",
      "integrity": "sha512-QQdYnfwrPmc1DoPlddjFvQPzUHFbStKXsHrG6EBYsWHhBVUCjsCRdcfGGXGAvhDpDtTzKK4vy1UrGFJ45rQaiw==",
      "cpu": [
        "arm64"
      ],
      "dev": true,
      "license": "MIT",
      "optional": true,
      "os": [
        "freebsd"
      ]
    },
    "node_modules/vite/node_modules/@rollup/rollup-freebsd-x64": {
      "version": "4.64.2",
      "resolved": "https://registry.npmjs.org/@rollup/rollup-freebsd-x64/-/rollup-freebsd-x64-4.64.2.tgz",
      "integrity": "sha512-1xRxtGWif6BB58VSfMavi0Yfs2M4x6CtRp4o7ScY4W7AGlgvf6GSPKdDNdw7TX3tMiQwZY5W/mvyrOJTq/7AKA==",
      "cpu": [
        "x64"
      ],
      "dev": true,
      "license": "MIT",
      "optional": true,
      "os": [
        "freebsd"
      ]
    },
    "node_modules/vite/node_modules/@rollup/rollup-linux-arm-gnueabihf": {
      "version": "4.64.2",
      "resolved": "https://registry.npmjs.org/@rollup/rollup-linux-arm-gnueabihf/-/rollup-linux-arm-gnueabihf-4.64.2.tgz",
      "integrity": "sha512-CXFLEt384BUwwOLR9DURWNHl1bQOVLd1ibOee+yKBJm/fZtvrSAOZ0JbxjAxszVMIovYMwFMS+oP+Q1aPcx8Eg==",
      "cpu": [
        "arm"
      ],
      "dev": true,
      "license": "MIT",
      "optional": true,
      "os": [
        "linux"
      ]
    },
    "node_modules/vite/node_modules/@rollup/rollup-linux-arm-musleabihf": {
      "version": "4.64.2",
      "resolved": "https://registry.npmjs.org/@rollup/rollup-linux-arm-musleabihf/-/rollup-linux-arm-musleabihf-4.64.2.tgz",
      "integrity": "sha512-T1dorY0WHm5mMNpMHFl5rYRZ02gLSZcr6J45r66tYb3S3R3DyIRGiGWVdLtF+zOQjratNJaObl9jYumueRiL1A==",
      "cpu": [
        "arm"
      ],
      "dev": true,
      "license": "MIT",
      "optional": true,
      "os": [
        "linux"
      ]
    },
    "node_modules/vite/node_modules/@rollup/rollup-linux-arm64-gnu": {
      "version": "4.64.2",
      "resolved": "https://registry.npmjs.org/@rollup/rollup-linux-arm64-gnu/-/rollup-linux-arm64-gnu-4.64.2.tgz",
      "integrity": "sha512-ia6bfaCIc0ldp6bvs9oEkFrJVJKNUMoiDF0+LBZsQAZg+vE0znXnzGqH+ew/FYswE30cruAWPTO3dPw7keaVkQ==",
      "cpu": [
        "arm64"
      ],
      "dev": true,
      "license": "MIT",
      "optional": true,
      "os": [
        "linux"
      ]
    },
    "node_modules/vite/node_modules/@rollup/rollup-linux-arm64-musl": {
      "version": "4.64.2",
      "resolved": "https://registry.npmjs.org/@rollup/rollup-linux-arm64-musl/-/rollup-linux-arm64-musl-4.64.2.tgz",
      "integrity": "sha512-mB/gwfBfXtT0EBpbSssqKCqMFuX8b21Zy2TGoIhehSJEssZ5ksybxymwp1BkEM5Nczh/AAxpmh5q+MkhtundGg==",
      "cpu": [
        "arm64"
      ],
      "dev": true,
      "license": "MIT",
      "optional": true,
      "os": [
        "linux"
      ]
    },
    "node_modules/vite/node_modules/@rollup/rollup-linux-loong64-gnu": {
      "version": "4.64.2",
      "resolved": "https://registry.npmjs.org/@rollup/rollup-linux-loong64-gnu/-/rollup-linux-loong64-gnu-4.64.2.tgz",
      "integrity": "sha512-VPd0a+XlHoNRI9jIPRHww2UKhDkD6XjbtcKYXZijAnhJS1jLLbiNtVl6a5LyEfNN+eyiyWcJOZXPzBo69oTsew==",
      "cpu": [
        "loong64"
      ],
      "dev": true,
      "license": "MIT",
      "optional": true,
      "os": [
        "linux"
      ]
    },
    "node_modules/vite/node_modules/@rollup/rollup-linux-loong64-musl": {
      "version": "4.64.2",
      "resolved": "https://registry.npmjs.org/@rollup/rollup-linux-loong64-musl/-/rollup-linux-loong64-musl-4.64.2.tgz",
      "integrity": "sha512-10N1I6oBpERqzGtHKcCLrEpHlbXSBbMK9TURHvqgWbIFZuU3oJROxJ0H2nHfq96TVI0XJHQ9qzolJMFd2tz0LA==",
      "cpu": [
        "loong64"
      ],
      "dev": true,
      "license": "MIT",
      "optional": true,
      "os": [
        "linux"
      ]
    },
    "node_modules/vite/node_modules/@rollup/rollup-linux-ppc64-gnu": {
      "version": "4.64.2",
      "resolved": "https://registry.npmjs.org/@rollup/rollup-linux-ppc64-gnu/-/rollup-linux-ppc64-gnu-4.64.2.tgz",
      "integrity": "sha512-dhJrLVZ3wNNhwCmy9/VTg6Pq6J8a8eZ0n15dVRlbSWcDb+8V/1mDfbnvis+vt8W6Pbxzv6gUbTEl4piOT3bbUQ==",
      "cpu": [
        "ppc64"
      ],
      "dev": true,
      "license": "MIT",
      "optional": true,
      "os": [
        "linux"
      ]
    },
    "node_modules/vite/node_modules/@rollup/rollup-linux-ppc64-musl": {
      "version": "4.64.2",
      "resolved": "https://registry.npmjs.org/@rollup/rollup-linux-ppc64-musl/-/rollup-linux-ppc64-musl-4.64.2.tgz",
      "integrity": "sha512-tPd2QuwxkTxgju5eARyb3RdgBWWi/O9dn/NFH0VkvGbLzoQeXrH6qMABtW8IODb5lUeBzB3sy2U7qmI4MtQ72g==",
      "cpu": [
        "ppc64"
      ],
      "dev": true,
      "license": "MIT",
      "optional": true,
      "os": [
        "linux"
      ]
    },
    "node_modules/vite/node_modules/@rollup/rollup-linux-riscv64-gnu": {
      "version": "4.64.2",
      "resolved": "https://registry.npmjs.org/@rollup/rollup-linux-riscv64-gnu/-/rollup-linux-riscv64-gnu-4.64.2.tgz",
      "integrity": "sha512-njtDdPvSQWI9CDhIPPxsiEMeHayCfu7wwcbSQ7c2kYPhGVviL+WGVhq6Jfj/b+VuhSTkFuQ0z4ZFbFjkWwBFmg==",
      "cpu": [
        "riscv64"
      ],
      "dev": true,
      "license": "MIT",
      "optional": true,
      "os": [
        "linux"
      ]
    },
    "node_modules/vite/node_modules/@rollup/rollup-linux-riscv64-musl": {
      "version": "4.64.2",
      "resolved": "https://registry.npmjs.org/@rollup/rollup-linux-riscv64-musl/-/rollup-linux-riscv64-musl-4.64.2.tgz",
      "integrity": "sha512-EbOBo3dqCj9ecEV9Z7zvulB6AieMP2ztnKQYGVOSN0pzIyOu+3JH2YJZnLmbPeVvfn6yP6Qi7NbBM27EzGbj2w==",
      "cpu": [
        "riscv64"
      ],
      "dev": true,
      "license": "MIT",
      "optional": true,
      "os": [
        "linux"
      ]
    },
    "node_modules/vite/node_modules/@rollup/rollup-linux-s390x-gnu": {
      "version": "4.64.2",
      "resolved": "https://registry.npmjs.org/@rollup/rollup-linux-s390x-gnu/-/rollup-linux-s390x-gnu-4.64.2.tgz",
      "integrity": "sha512-8wLt2Q5n4qmfiE2Gk8V6KNLSf+oJuBX7Kdw5joFDtnZIZvirS0hLzBc79OiJjV71oYDmBUZLNy6pDgvylo4qiQ==",
      "cpu": [
        "s390x"
      ],
      "dev": true,
      "license": "MIT",
      "optional": true,
      "os": [
        "linux"
      ]
    },
    "node_modules/vite/node_modules/@rollup/rollup-linux-x64-gnu": {
      "version": "4.64.2",
      "resolved": "https://registry.npmjs.org/@rollup/rollup-linux-x64-gnu/-/rollup-linux-x64-gnu-4.64.2.tgz",
      "integrity": "sha512-aIChbkhC4d33bxkVP0LSi2/2lUSGRXE6k4Qa0G7tgpgTOK7kxHTixmx5qC3SKUJ6yUMznHBtQoWaG4QMqLUnhw==",
      "cpu": [
        "x64"
      ],
      "dev": true,
      "license": "MIT",
      "optional": true,
      "os": [
        "linux"
      ]
    },
    "node_modules/vite/node_modules/@rollup/rollup-linux-x64-musl": {
      "version": "4.64.2",
      "resolved": "https://registry.npmjs.org/@rollup/rollup-linux-x64-musl/-/rollup-linux-x64-musl-4.64.2.tgz",
      "integrity": "sha512-gQ+TkVZRfjZVcl/UOAxxfWw+sHjzIXoieNwxEyJlD3tRBmBhR8ZDq11w+QEgQDcpslEB+fhN/OEpaTsDoIIHhQ==",
      "cpu": [
        "x64"
      ],
      "dev": true,
      "license": "MIT",
      "optional": true,
      "os": [
        "linux"
      ]
    },
    "node_modules/vite/node_modules/@rollup/rollup-openbsd-x64": {
      "version": "4.64.2",
      "resolved": "https://registry.npmjs.org/@rollup/rollup-openbsd-x64/-/rollup-openbsd-x64-4.64.2.tgz",
      "integrity": "sha512-sUaJpMKS2JBCvUk8fYimG7aMq2jHVT4kw/uVHxPolKLrMmkKy0KXirmZyZehdNpL7PffqAlPAWUELQcTiD8ChA==",
      "cpu": [
        "x64"
      ],
      "dev": true,
      "license": "MIT",
      "optional": true,
      "os": [
        "openbsd"
      ]
    },
    "node_modules/vite/node_modules/@rollup/rollup-openharmony-arm64": {
      "version": "4.64.2",
      "resolved": "https://registry.npmjs.org/@rollup/rollup-openharmony-arm64/-/rollup-openharmony-arm64-4.64.2.tgz",
      "integrity": "sha512-j1RdJWb0CrlSuwt12OPjLucPlwfLtA/KMOKVvh5rXSJEtl/WDoIGR3CSykK/jLGTo9RqNfW5Ub6kY5Z5ccYl9w==",
      "cpu": [
        "arm64"
      ],
      "dev": true,
      "license": "MIT",
      "optional": true,
      "os": [
        "openharmony"
      ]
    },
    "node_modules/vite/node_modules/@rollup/rollup-win32-arm64-msvc": {
      "version": "4.64.2",
      "resolved": "https://registry.npmjs.org/@rollup/rollup-win32-arm64-msvc/-/rollup-win32-arm64-msvc-4.64.2.tgz",
      "integrity": "sha512-i3r04aHCIY3eggTBLUp/4IxiBjDpAgQaK89Ue2nMJ2MKuIXX5JfoeZjHw+kPjGGNVDlhi8FT8xzuGMJZe3aehg==",
      "cpu": [
        "arm64"
      ],
      "dev": true,
      "license": "MIT",
      "optional": true,
      "os": [
        "win32"
      ]
    },
    "node_modules/vite/node_modules/@rollup/rollup-win32-ia32-msvc": {
      "version": "4.64.2",
      "resolved": "https://registry.npmjs.org/@rollup/rollup-win32-ia32-msvc/-/rollup-win32-ia32-msvc-4.64.2.tgz",
      "integrity": "sha512-kCQ15h/uwNMGdN8gjXBZGf+aGE+ODzHfbi90/cAm4+Q89WoMiLODNoj8HoGZmYx87HPxfu5CBNPsZ+ZG4uIAoA==",
      "cpu": [
        "ia32"
      ],
      "dev": true,
      "license": "MIT",
      "optional": true,
      "os": [
        "win32"
      ]
    },
    "node_modules/vite/node_modules/@rollup/rollup-win32-x64-gnu": {
      "version": "4.64.2",
      "resolved": "https://registry.npmjs.org/@rollup/rollup-win32-x64-gnu/-/rollup-win32-x64-gnu-4.64.2.tgz",
      "integrity": "sha512-yYAuySSs+0X2gSMJPw/Q4jHsHZHyMq1dpAE+XnN790Jg1WuReUAD/+j+e4vuDvS4PXJ4PA4NCzTR4OYtDf18/g==",
      "cpu": [
        "x64"
      ],
      "dev": true,
      "license": "MIT",
      "optional": true,
      "os": [
        "win32"
      ]
    },
    "node_modules/vite/node_modules/@rollup/rollup-win32-x64-msvc": {
      "version": "4.64.2",
      "resolved": "https://registry.npmjs.org/@rollup/rollup-win32-x64-msvc/-/rollup-win32-x64-msvc-4.64.2.tgz",
      "integrity": "sha512-JY1rQdWOJrKutORqKO1uzrHXV86jFiQzfLFKx2s8S1CjLXL9fC5LOIvk0q7Z7PXJvsByt+sdoE1Q2a9gBr4gLQ==",
      "cpu": [
        "x64"
      ],
      "dev": true,
      "license": "MIT",
      "optional": true,
      "os": [
        "win32"
      ]
    },
    "node_modules/vite/node_modules/fsevents": {
      "version": "2.3.3",
      "dev": true,
      "license": "MIT",
      "optional": true,
      "os": [
        "darwin"
      ],
      "engines": {
        "node": "^8.16.0 || ^10.6.0 || >=11.0.0"
      }
    },
    "node_modules/vite/node_modules/rollup": {
      "version": "4.64.2",
      "resolved": "https://registry.npmjs.org/rollup/-/rollup-4.64.2.tgz",
      "integrity": "sha512-RxXm0XVVV1hFI3dYe12ruaOgsYQ725lUcUWeMSQqkF9tTxVErY+fy2Ets6vWhItL9MZMSNZGbvZFc7rH/VHp2Q==",
      "dev": true,
      "license": "MIT",
      "dependencies": {
        "@types/estree": "1.0.9"
      },
      "bin": {
        "rollup": "dist/bin/rollup"
      },
      "engines": {
        "node": ">=18.0.0",
        "npm": ">=8.0.0"
      },
      "optionalDependencies": {
        "@napi-rs/lzma-linux-x64-gnu": "1.5.1",
        "@rollup/rollup-android-arm-eabi": "4.64.2",
        "@rollup/rollup-android-arm64": "4.64.2",
        "@rollup/rollup-darwin-arm64": "4.64.2",
        "@rollup/rollup-darwin-x64": "4.64.2",
        "@rollup/rollup-freebsd-arm64": "4.64.2",
        "@rollup/rollup-freebsd-x64": "4.64.2",
        "@rollup/rollup-linux-arm-gnueabihf": "4.64.2",
        "@rollup/rollup-linux-arm-musleabihf": "4.64.2",
        "@rollup/rollup-linux-arm64-gnu": "4.64.2",
        "@rollup/rollup-linux-arm64-musl": "4.64.2",
        "@rollup/rollup-linux-loong64-gnu": "4.64.2",
        "@rollup/rollup-linux-loong64-musl": "4.64.2",
        "@rollup/rollup-linux-ppc64-gnu": "4.64.2",
        "@rollup/rollup-linux-ppc64-musl": "4.64.2",
        "@rollup/rollup-linux-riscv64-gnu": "4.64.2",
        "@rollup/rollup-linux-riscv64-musl": "4.64.2",
        "@rollup/rollup-linux-s390x-gnu": "4.64.2",
        "@rollup/rollup-linux-x64-gnu": "4.64.2",
        "@rollup/rollup-linux-x64-musl": "4.64.2",
        "@rollup/rollup-openbsd-x64": "4.64.2",
        "@rollup/rollup-openharmony-arm64": "4.64.2",
        "@rollup/rollup-win32-arm64-msvc": "4.64.2",
        "@rollup/rollup-win32-ia32-msvc": "4.64.2",
        "@rollup/rollup-win32-x64-gnu": "4.64.2",
        "@rollup/rollup-win32-x64-msvc": "4.64.2",
        "fsevents": "~2.3.2"
      }
    },
    "node_modules/webgpu": {
      "version": "0.4.0",
      "hasInstallScript": true,
      "license": "MIT",
      "dependencies": {
        "@webgpu/types": "^0.1.69",
        "debug": "^4.4.0"
      }
    },
    "node_modules/webgpu/node_modules/@webgpu/types": {
      "version": "0.1.74",
      "resolved": "https://registry.npmmirror.com/@webgpu/types/-/types-0.1.74.tgz",
      "integrity": "sha512-lgiI4hbuLcI9unnm2cL/tvCaQU45dp0xcLWJh5uB/9MBGvIA4F8XIk7nSiBeg+K4xWGYwgZKn80LmERI5CxoTA==",
      "license": "BSD-3-Clause"
    },
    "node_modules/wgpu-matrix": {
      "version": "3.4.2",
      "license": "MIT"
    },
    "node_modules/zod": {
      "version": "4.6.5",
      "license": "MIT",
      "funding": {
        "url": "https://github.com/sponsors/colinhacks"
      }
    }
  }
}
